
Microsoft Visual Studio Solution File, Format Version 12.00
# Visual Studio 15
VisualStudioVersion = 15.0.27428.2037
MinimumVisualStudioVersion = 10.0.40219.1
Project("{9A19103F-16F7-4668-BE54-9A1E7A4F7556}") = "AllPackages", "src\AllPackage\AllPackages.csproj", "{C1F26025-0740-4B2E-A2F4-678205F764EB}"
EndProject
Project("{9A19103F-16F7-4668-BE54-9A1E7A4F7556}") = "CorePackages", "src\CorePackages\CorePackages.csproj", "{2F8A3929-1E1F-420A-96B0-1595F80DC19C}"
EndProject
Project("{9A19103F-16F7-4668-BE54-9A1E7A4F7556}") = "Convention1", "src\Convention1\Convention1.csproj", "{8B8D7935-68B8-4814-B452-A3D7DFC33C8F}"
EndProject
Project("{9A19103F-16F7-4668-BE54-9A1E7A4F7556}") = "Convention2", "src\Convention2\Convention2.csproj", "{BBEA24B7-EEB6-4DD5-A259-25D6A433F2F5}"
EndProject
Project("{9A19103F-16F7-4668-BE54-9A1E7A4F7556}") = "ParallelPipelines", "src\ParallelPipelines\ParallelPipelines.csproj", "{7C630FDC-2C92-44E7-ADC1-D5504B8D7C31}"
EndProject
Project("{9A19103F-16F7-4668-BE54-9A1E7A4F7556}") = "ActionConstraint", "src\ActionConstraint\ActionConstraint.csproj", "{8D2D2C5C-8338-44F2-892A-2103B67CA141}"
EndProject
Project("{9A19103F-16F7-4668-BE54-9A1E7A4F7556}") = "FileProvider", "src\FileProvider\FileProvider.csproj", "{2E7C86F2-FFEC-4A80-A99F-A03DD8BE6FDB}"
EndProject
Project("{9A19103F-16F7-4668-BE54-9A1E7A4F7556}") = "MvcPlugin", "src\MvcPlugin\MvcPlugin.csproj", "{B13F30EC-C45B-4ED1-A981-D77B41F42C62}"
EndProject
Project("{9A19103F-16F7-4668-BE54-9A1E7A4F7556}") = "RuntimeControllers", "src\RuntimeControllers\RuntimeControllers.csproj", "{30DEB842-7B3F-4DF2-B4A3-EBBC0AF3DA52}"
EndProject
Project("{9A19103F-16F7-4668-BE54-9A1E7A4F7556}") = "OptionsDynamicLambda", "src\OptionsDynamicLambda\OptionsDynamicLambda.csproj", "{8824E805-B9DA-41C8-AD10-CFEF6700AC07}"
EndProject
Project("{9A19103F-16F7-4668-BE54-9A1E7A4F7556}") = "ApplicationModelProvider", "src\ApplicationModelProvider\ApplicationModelProvider.csproj", "{05714C65-D80F-4C9E-95BA-195D51C9B6E9}"
EndProject
Project("{9A19103F-16F7-4668-BE54-9A1E7A4F7556}") = "NoMvc", "src\NoMvc\NoMvc.csproj", "{FBEE2917-3F3E-4196-8DCB-3CD2DDEE17E3}"
EndProject
Project("{2150E333-8FDC-42A3-9474-1A3956D46DE8}") = "01", "01", "{0FAF16A5-935F-43FE-8157-D8F2DE7CCCFB}"
EndProject
Project("{2150E333-8FDC-42A3-9474-1A3956D46DE8}") = "02", "02", "{2728F84C-F948-4E9D-B7E0-DB8480599564}"
EndProject
Project("{2150E333-8FDC-42A3-9474-1A3956D46DE8}") = "99", "99", "{311DCBFB-B673-422A-A5BA-EAA9DDDE39FA}"
EndProject
Project("{2150E333-8FDC-42A3-9474-1A3956D46DE8}") = "03", "03", "{5A5DDB29-BDC0-4DFA-88ED-C2642F8F3BB2}"
EndProject
Project("{2150E333-8FDC-42A3-9474-1A3956D46DE8}") = "04", "04", "{F4F15FA5-AC2A-454A-BC3C-9209BEC13B25}"
EndProject
Project("{2150E333-8FDC-42A3-9474-1A3956D46DE8}") = "05", "05", "{16D96208-8C6F-4B7A-A310-131194F25EA8}"
EndProject
Project("{2150E333-8FDC-42A3-9474-1A3956D46DE8}") = "06", "06", "{4A39C2BB-C3D2-40A8-9FD7-C481D90A96E6}"
EndProject
Project("{2150E333-8FDC-42A3-9474-1A3956D46DE8}") = "07", "07", "{FC8281E0-15FE-48BA-9ED1-60F0CF97A4E2}"
EndProject
Project("{FAE04EC0-301F-11D3-BF4B-00C04F79EFBC}") = "AdminApi", "src\AdminApi\AdminApi.csproj", "{6EA9CC58-6517-4493-9566-CEA7EE92A2D2}"
EndProject
Project("{FAE04EC0-301F-11D3-BF4B-00C04F79EFBC}") = "CustomerApi", "src\CustomerApi\CustomerApi.csproj", "{8CE5FA7F-2774-427C-9DA7-007CFBF10F09}"
EndProject
Project("{FAE04EC0-301F-11D3-BF4B-00C04F79EFBC}") = "ParallelPipelines.Shared", "src\ParallelPipelines.Shared\ParallelPipelines.Shared.csproj", "{C16FDE15-5B82-4BBB-BDAE-FBA09C83317F}"
EndProject
Global
	GlobalSection(SolutionConfigurationPlatforms) = preSolution
		Debug|Any CPU = Debug|Any CPU
		Release|Any CPU = Release|Any CPU
	EndGlobalSection
	GlobalSection(ProjectConfigurationPlatforms) = postSolution
		{C1F26025-0740-4B2E-A2F4-678205F764EB}.Debug|Any CPU.ActiveCfg = Debug|Any CPU
		{C1F26025-0740-4B2E-A2F4-678205F764EB}.Debug|Any CPU.Build.0 = Debug|Any CPU
		{C1F26025-0740-4B2E-A2F4-678205F764EB}.Release|Any CPU.ActiveCfg = Release|Any CPU
		{C1F26025-0740-4B2E-A2F4-678205F764EB}.Release|Any CPU.Build.0 = Release|Any CPU
		{2F8A3929-1E1F-420A-96B0-1595F80DC19C}.Debug|Any CPU.ActiveCfg = Debug|Any CPU
		{2F8A3929-1E1F-420A-96B0-1595F80DC19C}.Debug|Any CPU.Build.0 = Debug|Any CPU
		{2F8A3929-1E1F-420A-96B0-1595F80DC19C}.Release|Any CPU.ActiveCfg = Release|Any CPU
		{2F8A3929-1E1F-420A-96B0-1595F80DC19C}.Release|Any CPU.Build.0 = Release|Any CPU
		{8B8D7935-68B8-4814-B452-A3D7DFC33C8F}.Debug|Any CPU.ActiveCfg = Debug|Any CPU
		{8B8D7935-68B8-4814-B452-A3D7DFC33C8F}.Debug|Any CPU.Build.0 = Debug|Any CPU
		{8B8D7935-68B8-4814-B452-A3D7DFC33C8F}.Release|Any CPU.ActiveCfg = Release|Any CPU
		{8B8D7935-68B8-4814-B452-A3D7DFC33C8F}.Release|Any CPU.Build.0 = Release|Any CPU
		{BBEA24B7-EEB6-4DD5-A259-25D6A433F2F5}.Debug|Any CPU.ActiveCfg = Debug|Any CPU
		{BBEA24B7-EEB6-4DD5-A259-25D6A433F2F5}.Debug|Any CPU.Build.0 = Debug|Any CPU
		{BBEA24B7-EEB6-4DD5-A259-25D6A433F2F5}.Release|Any CPU.ActiveCfg = Release|Any CPU
		{BBEA24B7-EEB6-4DD5-A259-25D6A433F2F5}.Release|Any CPU.Build.0 = Release|Any CPU
		{7C630FDC-2C92-44E7-ADC1-D5504B8D7C31}.Debug|Any CPU.ActiveCfg = Debug|Any CPU
		{7C630FDC-2C92-44E7-ADC1-D5504B8D7C31}.Debug|Any CPU.Build.0 = Debug|Any CPU
		{7C630FDC-2C92-44E7-ADC1-D5504B8D7C31}.Release|Any CPU.ActiveCfg = Release|Any CPU
		{7C630FDC-2C92-44E7-ADC1-D5504B8D7C31}.Release|Any CPU.Build.0 = Release|Any CPU
		{8D2D2C5C-8338-44F2-892A-2103B67CA141}.Debug|Any CPU.ActiveCfg = Debug|Any CPU
		{8D2D2C5C-8338-44F2-892A-2103B67CA141}.Debug|Any CPU.Build.0 = Debug|Any CPU
		{8D2D2C5C-8338-44F2-892A-2103B67CA141}.Release|Any CPU.ActiveCfg = Release|Any CPU
		{8D2D2C5C-8338-44F2-892A-2103B67CA141}.Release|Any CPU.Build.0 = Release|Any CPU
		{2E7C86F2-FFEC-4A80-A99F-A03DD8BE6FDB}.Debug|Any CPU.ActiveCfg = Debug|Any CPU
		{2E7C86F2-FFEC-4A80-A99F-A03DD8BE6FDB}.Debug|Any CPU.Build.0 = Debug|Any CPU
		{2E7C86F2-FFEC-4A80-A99F-A03DD8BE6FDB}.Release|Any CPU.ActiveCfg = Release|Any CPU
		{2E7C86F2-FFEC-4A80-A99F-A03DD8BE6FDB}.Release|Any CPU.Build.0 = Release|Any CPU
		{B13F30EC-C45B-4ED1-A981-D77B41F42C62}.Debug|Any CPU.ActiveCfg = Debug|Any CPU
		{B13F30EC-C45B-4ED1-A981-D77B41F42C62}.Debug|Any CPU.Build.0 = Debug|Any CPU
		{B13F30EC-C45B-4ED1-A981-D77B41F42C62}.Release|Any CPU.ActiveCfg = Release|Any CPU
		{B13F30EC-C45B-4ED1-A981-D77B41F42C62}.Release|Any CPU.Build.0 = Release|Any CPU
		{30DEB842-7B3F-4DF2-B4A3-EBBC0AF3DA52}.Debug|Any CPU.ActiveCfg = Debug|Any CPU
		{30DEB842-7B3F-4DF2-B4A3-EBBC0AF3DA52}.Debug|Any CPU.Build.0 = Debug|Any CPU
		{30DEB842-7B3F-4DF2-B4A3-EBBC0AF3DA52}.Release|Any CPU.ActiveCfg = Release|Any CPU
		{30DEB842-7B3F-4DF2-B4A3-EBBC0AF3DA52}.Release|Any CPU.Build.0 = Release|Any CPU
		{8824E805-B9DA-41C8-AD10-CFEF6700AC07}.Debug|Any CPU.ActiveCfg = Debug|Any CPU
		{8824E805-B9DA-41C8-AD10-CFEF6700AC07}.Debug|Any CPU.Build.0 = Debug|Any CPU
		{8824E805-B9DA-41C8-AD10-CFEF6700AC07}.Release|Any CPU.ActiveCfg = Release|Any CPU
		{8824E805-B9DA-41C8-AD10-CFEF6700AC07}.Release|Any CPU.Build.0 = Release|Any CPU
		{05714C65-D80F-4C9E-95BA-195D51C9B6E9}.Debug|Any CPU.ActiveCfg = Debug|Any CPU
		{05714C65-D80F-4C9E-95BA-195D51C9B6E9}.Debug|Any CPU.Build.0 = Debug|Any CPU
		{05714C65-D80F-4C9E-95BA-195D51C9B6E9}.Release|Any CPU.ActiveCfg = Release|Any CPU
		{05714C65-D80F-4C9E-95BA-195D51C9B6E9}.Release|Any CPU.Build.0 = Release|Any CPU
		{FBEE2917-3F3E-4196-8DCB-3CD2DDEE17E3}.Debug|Any CPU.ActiveCfg = Debug|Any CPU
		{FBEE2917-3F3E-4196-8DCB-3CD2DDEE17E3}.Debug|Any CPU.Build.0 = Debug|Any CPU
		{FBEE2917-3F3E-4196-8DCB-3CD2DDEE17E3}.Release|Any CPU.ActiveCfg = Release|Any CPU
		{FBEE2917-3F3E-4196-8DCB-3CD2DDEE17E3}.Release|Any CPU.Build.0 = Release|Any CPU
		{6EA9CC58-6517-4493-9566-CEA7EE92A2D2}.Debug|Any CPU.ActiveCfg = Debug|Any CPU
		{6EA9CC58-6517-4493-9566-CEA7EE92A2D2}.Debug|Any CPU.Build.0 = Debug|Any CPU
		{6EA9CC58-6517-4493-9566-CEA7EE92A2D2}.Release|Any CPU.ActiveCfg = Release|Any CPU
		{6EA9CC58-6517-4493-9566-CEA7EE92A2D2}.Release|Any CPU.Build.0 = Release|Any CPU
		{8CE5FA7F-2774-427C-9DA7-007CFBF10F09}.Debug|Any CPU.ActiveCfg = Debug|Any CPU
		{8CE5FA7F-2774-427C-9DA7-007CFBF10F09}.Debug|Any CPU.Build.0 = Debug|Any CPU
		{8CE5FA7F-2774-427C-9DA7-007CFBF10F09}.Release|Any CPU.ActiveCfg = Release|Any CPU
		{8CE5FA7F-2774-427C-9DA7-007CFBF10F09}.Release|Any CPU.Build.0 = Release|Any CPU
		{C16FDE15-5B82-4BBB-BDAE-FBA09C83317F}.Debug|Any CPU.ActiveCfg = Debug|Any CPU
		{C16FDE15-5B82-4BBB-BDAE-FBA09C83317F}.Debug|Any CPU.Build.0 = Debug|Any CPU
		{C16FDE15-5B82-4BBB-BDAE-FBA09C83317F}.Release|Any CPU.ActiveCfg = Release|Any CPU
		{C16FDE15-5B82-4BBB-BDAE-FBA09C83317F}.Release|Any CPU.Build.0 = Release|Any CPU
	EndGlobalSection
	GlobalSection(SolutionProperties) = preSolution
		HideSolutionNode = FALSE
	EndGlobalSection
	GlobalSection(NestedProjects) = preSolution
		{C1F26025-0740-4B2E-A2F4-678205F764EB} = {2728F84C-F948-4E9D-B7E0-DB8480599564}
		{2F8A3929-1E1F-420A-96B0-1595F80DC19C} = {2728F84C-F948-4E9D-B7E0-DB8480599564}
		{8B8D7935-68B8-4814-B452-A3D7DFC33C8F} = {F4F15FA5-AC2A-454A-BC3C-9209BEC13B25}
		{BBEA24B7-EEB6-4DD5-A259-25D6A433F2F5} = {F4F15FA5-AC2A-454A-BC3C-9209BEC13B25}
		{7C630FDC-2C92-44E7-ADC1-D5504B8D7C31} = {5A5DDB29-BDC0-4DFA-88ED-C2642F8F3BB2}
		{8D2D2C5C-8338-44F2-892A-2103B67CA141} = {16D96208-8C6F-4B7A-A310-131194F25EA8}
		{2E7C86F2-FFEC-4A80-A99F-A03DD8BE6FDB} = {4A39C2BB-C3D2-40A8-9FD7-C481D90A96E6}
		{B13F30EC-C45B-4ED1-A981-D77B41F42C62} = {311DCBFB-B673-422A-A5BA-EAA9DDDE39FA}
		{30DEB842-7B3F-4DF2-B4A3-EBBC0AF3DA52} = {4A39C2BB-C3D2-40A8-9FD7-C481D90A96E6}
		{8824E805-B9DA-41C8-AD10-CFEF6700AC07} = {FC8281E0-15FE-48BA-9ED1-60F0CF97A4E2}
		{05714C65-D80F-4C9E-95BA-195D51C9B6E9} = {F4F15FA5-AC2A-454A-BC3C-9209BEC13B25}
		{FBEE2917-3F3E-4196-8DCB-3CD2DDEE17E3} = {0FAF16A5-935F-43FE-8157-D8F2DE7CCCFB}
		{6EA9CC58-6517-4493-9566-CEA7EE92A2D2} = {5A5DDB29-BDC0-4DFA-88ED-C2642F8F3BB2}
		{8CE5FA7F-2774-427C-9DA7-007CFBF10F09} = {5A5DDB29-BDC0-4DFA-88ED-C2642F8F3BB2}
		{C16FDE15-5B82-4BBB-BDAE-FBA09C83317F} = {5A5DDB29-BDC0-4DFA-88ED-C2642F8F3BB2}
	EndGlobalSection
	GlobalSection(ExtensibilityGlobals) = postSolution
		SolutionGuid = {EE776A19-FEDA-4531-BF75-6ACEBF417FCC}
	EndGlobalSection
EndGlobal
